
Microsoft Visual Studio Solution File, Format Version 12.00
# Visual Studio Version 17
VisualStudioVersion = 17.4.33403.182
MinimumVisualStudioVersion = 10.0.40219.1
Project("{9A19103F-16F7-4668-BE54-9A1E7A4F7556}") = "ConsoleApp", "ConsoleApp\ConsoleApp.csproj", "{79A9376F-E0CC-4471-BC77-7E517AC5AE08}"
EndProject
Project("{9A19103F-16F7-4668-BE54-9A1E7A4F7556}") = "Parsers", "Parsers\Parsers.csproj", "{A4C307B0-B1FA-4F52-828D-11F32A193DFE}"
EndProject
Project("{9A19103F-16F7-4668-BE54-9A1E7A4F7556}") = "Crawling", "Crawling\Crawling.csproj", "{9B80BC2A-7403-4722-85AD-36E766922064}"
EndProject
Project("{FAE04EC0-301F-11D3-BF4B-00C04F79EFBC}") = "Crawling.Tests", "Crawling.Tests\Crawling.Tests.csproj", "{EAC0EBC7-4F96-4E78-B8BE-CAEEDD3BC773}"
EndProject
Project("{FAE04EC0-301F-11D3-BF4B-00C04F79EFBC}") = "Parsers.Tests", "Parsers.Tests\Parsers.Tests.csproj", "{80066DE6-B486-4A59-B857-97AD16A1C269}"
EndProject
Global
	GlobalSection(SolutionConfigurationPlatforms) = preSolution
		Debug|Any CPU = Debug|Any CPU
		Release|Any CPU = Release|Any CPU
	EndGlobalSection
	GlobalSection(ProjectConfigurationPlatforms) = postSolution
		{79A9376F-E0CC-4471-BC77-7E517AC5AE08}.Debug|Any CPU.ActiveCfg = Debug|Any CPU
		{79A9376F-E0CC-4471-BC77-7E517AC5AE08}.Debug|Any CPU.Build.0 = Debug|Any CPU
		{79A9376F-E0CC-4471-BC77-7E517AC5AE08}.Release|Any CPU.ActiveCfg = Release|Any CPU
		{79A9376F-E0CC-4471-BC77-7E517AC5AE08}.Release|Any CPU.Build.0 = Release|Any CPU
		{A4C307B0-B1FA-4F52-828D-11F32A193DFE}.Debug|Any CPU.ActiveCfg = Debug|Any CPU
		{A4C307B0-B1FA-4F52-828D-11F32A193DFE}.Debug|Any CPU.Build.0 = Debug|Any CPU
		{A4C307B0-B1FA-4F52-828D-11F32A193DFE}.Release|Any CPU.ActiveCfg = Release|Any CPU
		{A4C307B0-B1FA-4F52-828D-11F32A193DFE}.Release|Any CPU.Build.0 = Release|Any CPU
		{9B80BC2A-7403-4722-85AD-36E766922064}.Debug|Any CPU.ActiveCfg = Debug|Any CPU
		{9B80BC2A-7403-4722-85AD-36E766922064}.Debug|Any CPU.Build.0 = Debug|Any CPU
		{9B80BC2A-7403-4722-85AD-36E766922064}.Release|Any CPU.ActiveCfg = Release|Any CPU
		{9B80BC2A-7403-4722-85AD-36E766922064}.Release|Any CPU.Build.0 = Release|Any CPU
		{EAC0EBC7-4F96-4E78-B8BE-CAEEDD3BC773}.Debug|Any CPU.ActiveCfg = Debug|Any CPU
		{EAC0EBC7-4F96-4E78-B8BE-CAEEDD3BC773}.Debug|Any CPU.Build.0 = Debug|Any CPU
		{EAC0EBC7-4F96-4E78-B8BE-CAEEDD3BC773}.Release|Any CPU.ActiveCfg = Release|Any CPU
		{EAC0EBC7-4F96-4E78-B8BE-CAEEDD3BC773}.Release|Any CPU.Build.0 = Release|Any CPU
		{80066DE6-B486-4A59-B857-97AD16A1C269}.Debug|Any CPU.ActiveCfg = Debug|Any CPU
		{80066DE6-B486-4A59-B857-97AD16A1C269}.Debug|Any CPU.Build.0 = Debug|Any CPU
		{80066DE6-B486-4A59-B857-97AD16A1C269}.Release|Any CPU.ActiveCfg = Release|Any CPU
		{80066DE6-B486-4A59-B857-97AD16A1C269}.Release|Any CPU.Build.0 = Release|Any CPU
	EndGlobalSection
	GlobalSection(SolutionProperties) = preSolution
		HideSolutionNode = FALSE
	EndGlobalSection
	GlobalSection(ExtensibilityGlobals) = postSolution
		SolutionGuid = {FC802F31-168B-4A08-8124-478A0B9A4097}
	EndGlobalSection
EndGlobal
